
Microsoft Visual Studio Solution File, Format Version 12.00
# Visual Studio Version 17
VisualStudioVersion = 17.8.34316.72
MinimumVisualStudioVersion = 10.0.40219.1
Project("{9A19103F-16F7-4668-BE54-9A1E7A4F7556}") = "HopShop.WEBApi", "HopShop.WEBApi\HopShop.WEBApi.csproj", "{9AEF5BCD-5CA0-4466-B818-AAED4771EC73}"
EndProject
Project("{FAE04EC0-301F-11D3-BF4B-00C04F79EFBC}") = "HopShop.UnitTests", "HopShop.UnitTests\HopShop.UnitTests.csproj", "{07E4DCE6-95E4-4EA1-A974-1A5C0AB92094}"
EndProject
Global
	GlobalSection(SolutionConfigurationPlatforms) = preSolution
		Debug|Any CPU = Debug|Any CPU
		Release|Any CPU = Release|Any CPU
	EndGlobalSection
	GlobalSection(ProjectConfigurationPlatforms) = postSolution
		{9AEF5BCD-5CA0-4466-B818-AAED4771EC73}.Debug|Any CPU.ActiveCfg = Debug|Any CPU
		{9AEF5BCD-5CA0-4466-B818-AAED4771EC73}.Debug|Any CPU.Build.0 = Debug|Any CPU
		{9AEF5BCD-5CA0-4466-B818-AAED4771EC73}.Release|Any CPU.ActiveCfg = Release|Any CPU
		{9AEF5BCD-5CA0-4466-B818-AAED4771EC73}.Release|Any CPU.Build.0 = Release|Any CPU
		{07E4DCE6-95E4-4EA1-A974-1A5C0AB92094}.Debug|Any CPU.ActiveCfg = Debug|Any CPU
		{07E4DCE6-95E4-4EA1-A974-1A5C0AB92094}.Debug|Any CPU.Build.0 = Debug|Any CPU
		{07E4DCE6-95E4-4EA1-A974-1A5C0AB92094}.Release|Any CPU.ActiveCfg = Release|Any CPU
		{07E4DCE6-95E4-4EA1-A974-1A5C0AB92094}.Release|Any CPU.Build.0 = Release|Any CPU
	EndGlobalSection
	GlobalSection(SolutionProperties) = preSolution
		HideSolutionNode = FALSE
	EndGlobalSection
	GlobalSection(ExtensibilityGlobals) = postSolution
		SolutionGuid = {1966712D-4609-4FBB-9905-09C567EF5F98}
	EndGlobalSection
EndGlobal
